
Microsoft Visual Studio Solution File, Format Version 12.00
# Visual Studio Version 16
VisualStudioVersion = 16.0.31402.337
MinimumVisualStudioVersion = 10.0.40219.1
Project("{FAE04EC0-301F-11D3-BF4B-00C04F79EFBC}") = "2", "2\2.csproj", "{0FDF7A6D-9306-4D95-BB5C-F3BF3F9082A0}"
EndProject
Global
	GlobalSection(SolutionConfigurationPlatforms) = preSolution
		Debug|Any CPU = Debug|Any CPU
		Release|Any CPU = Release|Any CPU
	EndGlobalSection
	GlobalSection(ProjectConfigurationPlatforms) = postSolution
		{0FDF7A6D-9306-4D95-BB5C-F3BF3F9082A0}.Debug|Any CPU.ActiveCfg = Debug|Any CPU
		{0FDF7A6D-9306-4D95-BB5C-F3BF3F9082A0}.Debug|Any CPU.Build.0 = Debug|Any CPU
		{0FDF7A6D-9306-4D95-BB5C-F3BF3F9082A0}.Release|Any CPU.ActiveCfg = Release|Any CPU
		{0FDF7A6D-9306-4D95-BB5C-F3BF3F9082A0}.Release|Any CPU.Build.0 = Release|Any CPU
	EndGlobalSection
	GlobalSection(SolutionProperties) = preSolution
		HideSolutionNode = FALSE
	EndGlobalSection
	GlobalSection(ExtensibilityGlobals) = postSolution
		SolutionGuid = {EEE691E9-4400-4A6A-93DF-16A6BD5D9446}
	EndGlobalSection
EndGlobal
